// !$*UTF8*$!
{
	archiveVersion = 1;
	classes = {
	};
	objectVersion = 46;
	objects = {

/* Begin PBXBuildFile section */
		1345DAE41ABBC58D00679523 /* main.m in Sources */ = {isa = PBXBuildFile; fileRef = 1345DAE31ABBC58D00679523 /* main.m */; };
		1345DAE71ABBC58D00679523 /* AppDelegate.m in Sources */ = {isa = PBXBuildFile; fileRef = 1345DAE61ABBC58D00679523 /* AppDelegate.m */; };
		1345DAEA1ABBC58D00679523 /* ViewController.m in Sources */ = {isa = PBXBuildFile; fileRef = 1345DAE91ABBC58D00679523 /* ViewController.m */; };
		1345DAED1ABBC58D00679523 /* Main.storyboard in Resources */ = {isa = PBXBuildFile; fileRef = 1345DAEB1ABBC58D00679523 /* Main.storyboard */; };
		1345DAEF1ABBC58D00679523 /* Images.xcassets in Resources */ = {isa = PBXBuildFile; fileRef = 1345DAEE1ABBC58D00679523 /* Images.xcassets */; };
		1345DAF21ABBC58D00679523 /* LaunchScreen.xib in Resources */ = {isa = PBXBuildFile; fileRef = 1345DAF01ABBC58D00679523 /* LaunchScreen.xib */; };
		1345DAFE1ABBC58D00679523 /* DemoTests.m in Sources */ = {isa = PBXBuildFile; fileRef = 1345DAFD1ABBC58D00679523 /* DemoTests.m */; };
/* End PBXBuildFile section */

/* Begin PBXContainerItemProxy section */
		1345DAF81ABBC58D00679523 /* PBXContainerItemProxy */ = {
			isa = PBXContainerItemProxy;
			containerPortal = 1345DAD61ABBC58D00679523 /* Project object */;
			proxyType = 1;
			remoteGlobalIDString = 1345DADD1ABBC58D00679523;
			remoteInfo = Demo;
		};
/* End PBXContainerItemProxy section */

/* Begin PBXFileReference section */
		1345DADE1ABBC58D00679523 /* Demo.app */ = {isa = PBXFileReference; explicitFileType = wrapper.application; includeInIndex = 0; path = Demo.app; sourceTree = BUILT_PRODUCTS_DIR; };
		1345DAE21ABBC58D00679523 /* Info.plist */ = {isa = PBXFileReference; lastKnownFileType = text.plist.xml; path = Info.plist; sourceTree = "<group>"; };
		1345DAE31ABBC58D00679523 /* main.m */ = {isa = PBXFileReference; lastKnownFileType = sourcecode.c.objc; path = main.m; sourceTree = "<group>"; };
		1345DAE51ABBC58D00679523 /* AppDelegate.h */ = {isa = PBXFileReference; lastKnownFileType = sourcecode.c.h; path = AppDelegate.h; sourceTree = "<group>"; };
		1345DAE61ABBC58D00679523 /* AppDelegate.m */ = {isa = PBXFileReference; lastKnownFileType = sourcecode.c.objc; path = AppDelegate.m; sourceTree = "<group>"; };
		1345DAE81ABBC58D00679523 /* ViewController.h */ = {isa = PBXFileReference; lastKnownFileType = sourcecode.c.h; path = ViewController.h; sourceTree = "<group>"; };
		1345DAE91ABBC58D00679523 /* ViewController.m */ = {isa = PBXFileReference; lastKnownFileType = sourcecode.c.objc; path = ViewController.m; sourceTree = "<group>"; };
		1345DAEC1ABBC58D00679523 /* Base */ = {isa = PBXFileReference; lastKnownFileType = file.storyboard; name = Base; path = Base.lproj/Main.storyboard; sourceTree = "<group>"; };
		1345DAEE1ABBC58D00679523 /* Images.xcassets */ = {isa = PBXFileReference; lastKnownFileType = folder.assetcatalog; path = Images.xcassets; sourceTree = "<group>"; };
		1345DAF11ABBC58D00679523 /* Base */ = {isa = PBXFileReference; lastKnownFileType = file.xib; name = Base; path = Base.lproj/LaunchScreen.xib; sourceTree = "<group>"; };
		1345DAF71ABBC58D00679523 /* DemoTests.xctest */ = {isa = PBXFileReference; explicitFileType = wrapper.cfbundle; includeInIndex = 0; path = DemoTests.xctest; sourceTree = BUILT_PRODUCTS_DIR; };
		1345DAFC1ABBC58D00679523 /* Info.plist */ = {isa = PBXFileReference; lastKnownFileType = text.plist.xml; path = Info.plist; sourceTree = "<group>"; };
		1345DAFD1ABBC58D00679523 /* DemoTests.m */ = {isa = PBXFileReference; lastKnownFileType = sourcecode.c.objc; path = DemoTests.m; sourceTree = "<group>"; };
/* End PBXFileReference section */

/* Begin PBXFrameworksBuildPhase section */
		1345DADB1ABBC58D00679523 /* Frameworks */ = {
			isa = PBXFrameworksBuildPhase;
			buildActionMask = 2147483647;
			files = (
			);
			runOnlyForDeploymentPostprocessing = 0;
		};
		1345DAF41ABBC58D00679523 /* Frameworks */ = {
			isa = PBXFrameworksBuildPhase;
			buildActionMask = 2147483647;
			files = (
			);
			runOnlyForDeploymentPostprocessing = 0;
		};
/* End PBXFrameworksBuildPhase section */

/* Begin PBXGroup section */
		1345DAD51ABBC58D00679523 = {
			isa = PBXGroup;
			children = (
				1345DAE01ABBC58D00679523 /* Demo */,
				1345DAFA1ABBC58D00679523 /* DemoTests */,
				1345DADF1ABBC58D00679523 /* Products */,
			);
			sourceTree = "<group>";
		};
		1345DADF1ABBC58D00679523 /* Products */ = {
			isa = PBXGroup;
			children = (
				1345DADE1ABBC58D00679523 /* Demo.app */,
				1345DAF71ABBC58D00679523 /* DemoTests.xctest */,
			);
			name = Products;
			sourceTree = "<group>";
		};
		1345DAE01ABBC58D00679523 /* Demo */ = {
			isa = PBXGroup;
			children = (
				1345DAE51ABBC58D00679523 /* AppDelegate.h */,
				1345DAE61ABBC58D00679523 /* AppDelegate.m */,
				1345DAE81ABBC58D00679523 /* ViewController.h */,
				1345DAE91ABBC58D00679523 /* ViewController.m */,
				1345DAEB1ABBC58D00679523 /* Main.storyboard */,
				1345DAEE1ABBC58D00679523 /* Images.xcassets */,
				1345DAF01ABBC58D00679523 /* LaunchScreen.xib */,
				1345DAE11ABBC58D00679523 /* Supporting Files */,
			);
			path = Demo;
			sourceTree = "<group>";
		};
		1345DAE11ABBC58D00679523 /* Supporting Files */ = {
			isa = PBXGroup;
			children = (
				1345DAE21ABBC58D00679523 /* Info.plist */,
				1345DAE31ABBC58D00679523 /* main.m */,
			);
			name = "Supporting Files";
			sourceTree = "<group>";
		};
		1345DAFA1ABBC58D00679523 /* DemoTests */ = {
			isa = PBXGroup;
			children = (
				1345DAFD1ABBC58D00679523 /* DemoTests.m */,
				1345DAFB1ABBC58D00679523 /* Supporting Files */,
			);
			path = DemoTests;
			sourceTree = "<group>";
		};
		1345DAFB1ABBC58D00679523 /* Supporting Files */ = {
			isa = PBXGroup;
			children = (
				1345DAFC1ABBC58D00679523 /* Info.plist */,
			);
			name = "Supporting Files";
			sourceTree = "<group>";
		};
/* End PBXGroup section */

/* Begin PBXNativeTarget section */
		1345DADD1ABBC58D00679523 /* Demo */ = {
			isa = PBXNativeTarget;
			buildConfigurationList = 1345DB011ABBC58D00679523 /* Build configuration list for PBXNativeTarget "Demo" */;
			buildPhases = (
				1345DADA1ABBC58D00679523 /* Sources */,
				1345DADB1ABBC58D00679523 /* Frameworks */,
				1345DADC1ABBC58D00679523 /* Resources */,
			);
			buildRules = (
			);
			dependencies = (
			);
			name = Demo;
			productName = Demo;
			productReference = 1345DADE1ABBC58D00679523 /* Demo.app */;
			productType = "com.apple.product-type.application";
		};
		1345DAF61ABBC58D00679523 /* DemoTests */ = {
			isa = PBXNativeTarget;
			buildConfigurationList = 1345DB041ABBC58D00679523 /* Build configuration list for PBXNativeTarget "DemoTests" */;
			buildPhases = (
				1345DAF31ABBC58D00679523 /* Sources */,
				1345DAF41ABBC58D00679523 /* Frameworks */,
				1345DAF51ABBC58D00679523 /* Resources */,
			);
			buildRules = (
			);
			dependencies = (
				1345DAF91ABBC58D00679523 /* PBXTargetDependency */,
			);
			name = DemoTests;
			productName = DemoTests;
			productReference = 1345DAF71ABBC58D00679523 /* DemoTests.xctest */;
			productType = "com.apple.product-type.bundle.unit-test";
		};
/* End PBXNativeTarget section */

/* Begin PBXProject section */
		1345DAD61ABBC58D00679523 /* Project object */ = {
			isa = PBXProject;
			attributes = {
				LastUpgradeCheck = 0620;
				ORGANIZATIONNAME = yilos;
				TargetAttributes = {
					1345DADD1ABBC58D00679523 = {
						CreatedOnToolsVersion = 6.2;
					};
					1345DAF61ABBC58D00679523 = {
						CreatedOnToolsVersion = 6.2;
						TestTargetID = 1345DADD1ABBC58D00679523;
					};
				};
			};
			buildConfigurationList = 1345DAD91ABBC58D00679523 /* Build configuration list for PBXProject "Demo" */;
			compatibilityVersion = "Xcode 3.2";
			developmentRegion = English;
			hasScannedForEncodings = 0;
			knownRegions = (
				en,
				Base,
			);
			mainGroup = 1345DAD51ABBC58D00679523;
			productRefGroup = 1345DADF1ABBC58D00679523 /* Products */;
			projectDirPath = "";
			projectRoot = "";
			targets = (
				1345DADD1ABBC58D00679523 /* Demo */,
				1345DAF61ABBC58D00679523 /* DemoTests */,
			);
		};
/* End PBXProject section */

/* Begin PBXResourcesBuildPhase section */
		1345DADC1ABBC58D00679523 /* Resources */ = {
			isa = PBXResourcesBuildPhase;
			buildActionMask = 2147483647;
			files = (
				1345DAED1ABBC58D00679523 /* Main.storyboard in Resources */,
				1345DAF21ABBC58D00679523 /* LaunchScreen.xib in Resources */,
				1345DAEF1ABBC58D00679523 /* Images.xcassets in Resources */,
			);
			runOnlyForDeploymentPostprocessing = 0;
		};
		1345DAF51ABBC58D00679523 /* Resources */ = {
			isa = PBXResourcesBuildPhase;
			buildActionMask = 2147483647;
			files = (
			);
			runOnlyForDeploymentPostprocessing = 0;
		};
/* End PBXResourcesBuildPhase section */

/* Begin PBXSourcesBuildPhase section */
		1345DADA1ABBC58D00679523 /* Sources */ = {
			isa = PBXSourcesBuildPhase;
			buildActionMask = 2147483647;
			files = (
				1345DAEA1ABBC58D00679523 /* ViewController.m in Sources */,
				1345DAE71ABBC58D00679523 /* AppDelegate.m in Sources */,
				1345DAE41ABBC58D00679523 /* main.m in Sources */,
			);
			runOnlyForDeploymentPostprocessing = 0;
		};
		1345DAF31ABBC58D00679523 /* Sources */ = {
			isa = PBXSourcesBuildPhase;
			buildActionMask = 2147483647;
			files = (
				1345DAFE1ABBC58D00679523 /* DemoTests.m in Sources */,
			);
			runOnlyForDeploymentPostprocessing = 0;
		};
/* End PBXSourcesBuildPhase section */

/* Begin PBXTargetDependency section */
		1345DAF91ABBC58D00679523 /* PBXTargetDependency */ = {
			isa = PBXTargetDependency;
			target = 1345DADD1ABBC58D00679523 /* Demo */;
			targetProxy = 1345DAF81ABBC58D00679523 /* PBXContainerItemProxy */;
		};
/* End PBXTargetDependency section */

/* Begin PBXVariantGroup section */
		1345DAEB1ABBC58D00679523 /* Main.storyboard */ = {
			isa = PBXVariantGroup;
			children = (
				1345DAEC1ABBC58D00679523 /* Base */,
			);
			name = Main.storyboard;
			sourceTree = "<group>";
		};
		1345DAF01ABBC58D00679523 /* LaunchScreen.xib */ = {
			isa = PBXVariantGroup;
			children = (
				1345DAF11ABBC58D00679523 /* Base */,
			);
			name = LaunchScreen.xib;
			sourceTree = "<group>";
		};
/* End PBXVariantGroup section */

/* Begin XCBuildConfiguration section */
		1345DAFF1ABBC58D00679523 /* Debug */ = {
			isa = XCBuildConfiguration;
			buildSettings = {
				ALWAYS_SEARCH_USER_PATHS = NO;
				CLANG_CXX_LANGUAGE_STANDARD = "gnu++0x";
				CLANG_CXX_LIBRARY = "libc++";
				CLANG_ENABLE_MODULES = YES;
				CLANG_ENABLE_OBJC_ARC = YES;
				CLANG_WARN_BOOL_CONVERSION = YES;
				CLANG_WARN_CONSTANT_CONVERSION = YES;
				CLANG_WARN_DIRECT_OBJC_ISA_USAGE = YES_ERROR;
				CLANG_WARN_EMPTY_BODY = YES;
				CLANG_WARN_ENUM_CONVERSION = YES;
				CLANG_WARN_INT_CONVERSION = YES;
				CLANG_WARN_OBJC_ROOT_CLASS = YES_ERROR;
				CLANG_WARN_UNREACHABLE_CODE = YES;
				CLANG_WARN__DUPLICATE_METHOD_MATCH = YES;
				"CODE_SIGN_IDENTITY[sdk=iphoneos*]" = "iPhone Developer";
				COPY_PHASE_STRIP = NO;
				ENABLE_STRICT_OBJC_MSGSEND = YES;
				GCC_C_LANGUAGE_STANDARD = gnu99;
				GCC_DYNAMIC_NO_PIC = NO;
				GCC_OPTIMIZATION_LEVEL = 0;
				GCC_PREPROCESSOR_DEFINITIONS = (
					"DEBUG=1",
					"$(inherited)",
				);
				GCC_SYMBOLS_PRIVATE_EXTERN = NO;
				GCC_WARN_64_TO_32_BIT_CONVERSION = YES;
				GCC_WARN_ABOUT_RETURN_TYPE = YES_ERROR;
				GCC_WARN_UNDECLARED_SELECTOR = YES;
				GCC_WARN_UNINITIALIZED_AUTOS = YES_AGGRESSIVE;
				GCC_WARN_UNUSED_FUNCTION = YES;
				GCC_WARN_UNUSED_VARIABLE = YES;
				IPHONEOS_DEPLOYMENT_TARGET = 8.2;
				MTL_ENABLE_DEBUG_INFO = YES;
				ONLY_ACTIVE_ARCH = YES;
				SDKROOT = iphoneos;
			};
			name = Debug;
		};
		1345DB001ABBC58D00679523 /* Release */ = {
			isa = XCBuildConfiguration;
			buildSettings = {
				ALWAYS_SEARCH_USER_PATHS = NO;
				CLANG_CXX_LANGUAGE_STANDARD = "gnu++0x";
				CLANG_CXX_LIBRARY = "libc++";
				CLANG_ENABLE_MODULES = YES;
				CLANG_ENABLE_OBJC_ARC = YES;
				CLANG_WARN_BOOL_CONVERSION = YES;
				CLANG_WARN_CONSTANT_CONVERSION = YES;
				CLANG_WARN_DIRECT_OBJC_ISA_USAGE = YES_ERROR;
				CLANG_WARN_EMPTY_BODY = YES;
				CLANG_WARN_ENUM_CONVERSION = YES;
				CLANG_WARN_INT_CONVERSION = YES;
				CLANG_WARN_OBJC_ROOT_CLASS = YES_ERROR;
				CLANG_WARN_UNREACHABLE_CODE = YES;
				CLANG_WARN__DUPLICATE_METHOD_MATCH = YES;
				"CODE_SIGN_IDENTITY[sdk=iphoneos*]" = "iPhone Developer";
				COPY_PHASE_STRIP = NO;
				ENABLE_NS_ASSERTIONS = NO;
				ENABLE_STRICT_OBJC_MSGSEND = YES;
				GCC_C_LANGUAGE_STANDARD = gnu99;
				GCC_WARN_64_TO_32_BIT_CONVERSION = YES;
				GCC_WARN_ABOUT_RETURN_TYPE = YES_ERROR;
				GCC_WARN_UNDECLARED_SELECTOR = YES;
				GCC_WARN_UNINITIALIZED_AUTOS = YES_AGGRESSIVE;
				GCC_WARN_UNUSED_FUNCTION = YES;
				GCC_WARN_UNUSED_VARIABLE = YES;
				IPHONEOS_DEPLOYMENT_TARGET = 8.2;
				MTL_ENABLE_DEBUG_INFO = NO;
				SDKROOT = iphoneos;
				VALIDATE_PRODUCT = YES;
			};
			name = Release;
		};
		1345DB021ABBC58D00679523 /* Debug */ = {
			isa = XCBuildConfiguration;
			buildSettings = {
				ASSETCATALOG_COMPILER_APPICON_NAME = AppIcon;
				INFOPLIST_FILE = Demo/Info.plist;
				LD_RUNPATH_SEARCH_PATHS = "$(inherited) @executable_path/Frameworks";
				PRODUCT_NAME = "$(TARGET_NAME)";
			};
			name = Debug;
		};
		1345DB031ABBC58D00679523 /* Release */ = {
			isa = XCBuildConfiguration;
			buildSettings = {
				ASSETCATALOG_COMPILER_APPICON_NAME = AppIcon;
				INFOPLIST_FILE = Demo/Info.plist;
				LD_RUNPATH_SEARCH_PATHS = "$(inherited) @executable_path/Frameworks";
				PRODUCT_NAME = "$(TARGET_NAME)";
			};
			name = Release;
		};
		1345DB051ABBC58D00679523 /* Debug */ = {
			isa = XCBuildConfiguration;
			buildSettings = {
				BUNDLE_LOADER = "$(TEST_HOST)";
				FRAMEWORK_SEARCH_PATHS = (
					"$(SDKROOT)/Developer/Library/Frameworks",
					"$(inherited)",
				);
				GCC_PREPROCESSOR_DEFINITIONS = (
					"DEBUG=1",
					"$(inherited)",
				);
				INFOPLIST_FILE = DemoTests/Info.plist;
				LD_RUNPATH_SEARCH_PATHS = "$(inherited) @executable_path/Frameworks @loader_path/Frameworks";
				PRODUCT_NAME = "$(TARGET_NAME)";
				TEST_HOST = "$(BUILT_PRODUCTS_DIR)/Demo.app/Demo";
			};
			name = Debug;
		};
		1345DB061ABBC58D00679523 /* Release */ = {
			isa = XCBuildConfiguration;
			buildSettings = {
				BUNDLE_LOADER = "$(TEST_HOST)";
				FRAMEWORK_SEARCH_PATHS = (
					"$(SDKROOT)/Developer/Library/Frameworks",
					"$(inherited)",
				);
				INFOPLIST_FILE = DemoTests/Info.plist;
				LD_RUNPATH_SEARCH_PATHS = "$(inherited) @executable_path/Frameworks @loader_path/Frameworks";
				PRODUCT_NAME = "$(TARGET_NAME)";
				TEST_HOST = "$(BUILT_PRODUCTS_DIR)/Demo.app/Demo";
			};
			name = Release;
		};
/* End XCBuildConfiguration section */

/* Begin XCConfigurationList section */
		1345DAD91ABBC58D00679523 /* Build configuration list for PBXProject "Demo" */ = {
			isa = XCConfigurationList;
			buildConfigurations = (
				1345DAFF1ABBC58D00679523 /* Debug */,
				1345DB001ABBC58D00679523 /* Release */,
			);
			defaultConfigurationIsVisible = 0;
			defaultConfigurationName = Release;
		};
		1345DB011ABBC58D00679523 /* Build configuration list for PBXNativeTarget "Demo" */ = {
			isa = XCConfigurationList;
			buildConfigurations = (
				1345DB021ABBC58D00679523 /* Debug */,
				1345DB031ABBC58D00679523 /* Release */,
			);
			defaultConfigurationIsVisible = 0;
		};
		1345DB041ABBC58D00679523 /* Build configuration list for PBXNativeTarget "DemoTests" */ = {
			isa = XCConfigurationList;
			buildConfigurations = (
				1345DB051ABBC58D00679523 /* Debug */,
				1345DB061ABBC58D00679523 /* Release */,
			);
			defaultConfigurationIsVisible = 0;
		};
/* End XCConfigurationList section */
	};
	rootObject = 1345DAD61ABBC58D00679523 /* Project object */;
}
